
Microsoft Visual Studio Solution File, Format Version 12.00
# Visual Studio Version 17
VisualStudioVersion = 17.5.33530.505
MinimumVisualStudioVersion = 10.0.40219.1
Project("{FAE04EC0-301F-11D3-BF4B-00C04F79EFBC}") = "PruebaEntity", "PruebaEntity\PruebaEntity.csproj", "{3F0B8CB0-A82D-4C2E-AE7F-EAF425B17412}"
EndProject
Global
	GlobalSection(SolutionConfigurationPlatforms) = preSolution
		Debug|Any CPU = Debug|Any CPU
		Release|Any CPU = Release|Any CPU
	EndGlobalSection
	GlobalSection(ProjectConfigurationPlatforms) = postSolution
		{3F0B8CB0-A82D-4C2E-AE7F-EAF425B17412}.Debug|Any CPU.ActiveCfg = Debug|Any CPU
		{3F0B8CB0-A82D-4C2E-AE7F-EAF425B17412}.Debug|Any CPU.Build.0 = Debug|Any CPU
		{3F0B8CB0-A82D-4C2E-AE7F-EAF425B17412}.Release|Any CPU.ActiveCfg = Release|Any CPU
		{3F0B8CB0-A82D-4C2E-AE7F-EAF425B17412}.Release|Any CPU.Build.0 = Release|Any CPU
	EndGlobalSection
	GlobalSection(SolutionProperties) = preSolution
		HideSolutionNode = FALSE
	EndGlobalSection
	GlobalSection(ExtensibilityGlobals) = postSolution
		SolutionGuid = {E48267AF-3B94-478C-8AC2-D233D04CDE13}
	EndGlobalSection
EndGlobal
